
Microsoft Visual Studio Solution File, Format Version 12.00
# Visual Studio Version 17
VisualStudioVersion = 17.1.32210.238
MinimumVisualStudioVersion = 10.0.40219.1
Project("{FAE04EC0-301F-11D3-BF4B-00C04F79EFBC}") = "SwagOrderingApp.Android", "SwagOrderingApp\SwagOrderingApp.Android\SwagOrderingApp.Android.csproj", "{D21DAAC3-30D4-4389-9D7C-28186E065DEC}"
EndProject
Project("{FAE04EC0-301F-11D3-BF4B-00C04F79EFBC}") = "SwagOrderingApp.iOS", "SwagOrderingApp\SwagOrderingApp.iOS\SwagOrderingApp.iOS.csproj", "{9CC55A40-5D4E-4734-A086-1BCBED55F487}"
EndProject
Project("{FAE04EC0-301F-11D3-BF4B-00C04F79EFBC}") = "SwagOrderingApp", "SwagOrderingApp\SwagOrderingApp\SwagOrderingApp.csproj", "{7791FDBC-D950-4EF1-B50F-6DC92BD9EC08}"
EndProject
Global
	GlobalSection(SolutionConfigurationPlatforms) = preSolution
		Debug|Any CPU = Debug|Any CPU
		Debug|iPhone = Debug|iPhone
		Debug|iPhoneSimulator = Debug|iPhoneSimulator
		Release|Any CPU = Release|Any CPU
		Release|iPhone = Release|iPhone
		Release|iPhoneSimulator = Release|iPhoneSimulator
	EndGlobalSection
	GlobalSection(ProjectConfigurationPlatforms) = postSolution
		{D21DAAC3-30D4-4389-9D7C-28186E065DEC}.Debug|Any CPU.ActiveCfg = Debug|Any CPU
		{D21DAAC3-30D4-4389-9D7C-28186E065DEC}.Debug|Any CPU.Build.0 = Debug|Any CPU
		{D21DAAC3-30D4-4389-9D7C-28186E065DEC}.Debug|Any CPU.Deploy.0 = Debug|Any CPU
		{D21DAAC3-30D4-4389-9D7C-28186E065DEC}.Debug|iPhone.ActiveCfg = Debug|Any CPU
		{D21DAAC3-30D4-4389-9D7C-28186E065DEC}.Debug|iPhone.Build.0 = Debug|Any CPU
		{D21DAAC3-30D4-4389-9D7C-28186E065DEC}.Debug|iPhone.Deploy.0 = Debug|Any CPU
		{D21DAAC3-30D4-4389-9D7C-28186E065DEC}.Debug|iPhoneSimulator.ActiveCfg = Debug|Any CPU
		{D21DAAC3-30D4-4389-9D7C-28186E065DEC}.Debug|iPhoneSimulator.Build.0 = Debug|Any CPU
		{D21DAAC3-30D4-4389-9D7C-28186E065DEC}.Debug|iPhoneSimulator.Deploy.0 = Debug|Any CPU
		{D21DAAC3-30D4-4389-9D7C-28186E065DEC}.Release|Any CPU.ActiveCfg = Release|Any CPU
		{D21DAAC3-30D4-4389-9D7C-28186E065DEC}.Release|Any CPU.Build.0 = Release|Any CPU
		{D21DAAC3-30D4-4389-9D7C-28186E065DEC}.Release|Any CPU.Deploy.0 = Release|Any CPU
		{D21DAAC3-30D4-4389-9D7C-28186E065DEC}.Release|iPhone.ActiveCfg = Release|Any CPU
		{D21DAAC3-30D4-4389-9D7C-28186E065DEC}.Release|iPhone.Build.0 = Release|Any CPU
		{D21DAAC3-30D4-4389-9D7C-28186E065DEC}.Release|iPhone.Deploy.0 = Release|Any CPU
		{D21DAAC3-30D4-4389-9D7C-28186E065DEC}.Release|iPhoneSimulator.ActiveCfg = Release|Any CPU
		{D21DAAC3-30D4-4389-9D7C-28186E065DEC}.Release|iPhoneSimulator.Build.0 = Release|Any CPU
		{D21DAAC3-30D4-4389-9D7C-28186E065DEC}.Release|iPhoneSimulator.Deploy.0 = Release|Any CPU
		{9CC55A40-5D4E-4734-A086-1BCBED55F487}.Debug|Any CPU.ActiveCfg = Debug|iPhone
		{9CC55A40-5D4E-4734-A086-1BCBED55F487}.Debug|Any CPU.Build.0 = Debug|iPhone
		{9CC55A40-5D4E-4734-A086-1BCBED55F487}.Debug|Any CPU.Deploy.0 = Debug|iPhone
		{9CC55A40-5D4E-4734-A086-1BCBED55F487}.Debug|iPhone.ActiveCfg = Debug|iPhone
		{9CC55A40-5D4E-4734-A086-1BCBED55F487}.Debug|iPhone.Build.0 = Debug|iPhone
		{9CC55A40-5D4E-4734-A086-1BCBED55F487}.Debug|iPhone.Deploy.0 = Debug|iPhone
		{9CC55A40-5D4E-4734-A086-1BCBED55F487}.Debug|iPhoneSimulator.ActiveCfg = Debug|iPhoneSimulator
		{9CC55A40-5D4E-4734-A086-1BCBED55F487}.Debug|iPhoneSimulator.Build.0 = Debug|iPhoneSimulator
		{9CC55A40-5D4E-4734-A086-1BCBED55F487}.Debug|iPhoneSimulator.Deploy.0 = Debug|iPhoneSimulator
		{9CC55A40-5D4E-4734-A086-1BCBED55F487}.Release|Any CPU.ActiveCfg = Release|iPhoneSimulator
		{9CC55A40-5D4E-4734-A086-1BCBED55F487}.Release|Any CPU.Build.0 = Release|iPhoneSimulator
		{9CC55A40-5D4E-4734-A086-1BCBED55F487}.Release|Any CPU.Deploy.0 = Release|iPhoneSimulator
		{9CC55A40-5D4E-4734-A086-1BCBED55F487}.Release|iPhone.ActiveCfg = Release|iPhone
		{9CC55A40-5D4E-4734-A086-1BCBED55F487}.Release|iPhone.Build.0 = Release|iPhone
		{9CC55A40-5D4E-4734-A086-1BCBED55F487}.Release|iPhone.Deploy.0 = Release|iPhone
		{9CC55A40-5D4E-4734-A086-1BCBED55F487}.Release|iPhoneSimulator.ActiveCfg = Release|iPhoneSimulator
		{9CC55A40-5D4E-4734-A086-1BCBED55F487}.Release|iPhoneSimulator.Build.0 = Release|iPhoneSimulator
		{9CC55A40-5D4E-4734-A086-1BCBED55F487}.Release|iPhoneSimulator.Deploy.0 = Release|iPhoneSimulator
		{7791FDBC-D950-4EF1-B50F-6DC92BD9EC08}.Debug|Any CPU.ActiveCfg = Debug|Any CPU
		{7791FDBC-D950-4EF1-B50F-6DC92BD9EC08}.Debug|Any CPU.Build.0 = Debug|Any CPU
		{7791FDBC-D950-4EF1-B50F-6DC92BD9EC08}.Debug|Any CPU.Deploy.0 = Debug|Any CPU
		{7791FDBC-D950-4EF1-B50F-6DC92BD9EC08}.Debug|iPhone.ActiveCfg = Debug|Any CPU
		{7791FDBC-D950-4EF1-B50F-6DC92BD9EC08}.Debug|iPhone.Build.0 = Debug|Any CPU
		{7791FDBC-D950-4EF1-B50F-6DC92BD9EC08}.Debug|iPhone.Deploy.0 = Debug|Any CPU
		{7791FDBC-D950-4EF1-B50F-6DC92BD9EC08}.Debug|iPhoneSimulator.ActiveCfg = Debug|Any CPU
		{7791FDBC-D950-4EF1-B50F-6DC92BD9EC08}.Debug|iPhoneSimulator.Build.0 = Debug|Any CPU
		{7791FDBC-D950-4EF1-B50F-6DC92BD9EC08}.Debug|iPhoneSimulator.Deploy.0 = Debug|Any CPU
		{7791FDBC-D950-4EF1-B50F-6DC92BD9EC08}.Release|Any CPU.ActiveCfg = Release|Any CPU
		{7791FDBC-D950-4EF1-B50F-6DC92BD9EC08}.Release|Any CPU.Build.0 = Release|Any CPU
		{7791FDBC-D950-4EF1-B50F-6DC92BD9EC08}.Release|Any CPU.Deploy.0 = Release|Any CPU
		{7791FDBC-D950-4EF1-B50F-6DC92BD9EC08}.Release|iPhone.ActiveCfg = Release|Any CPU
		{7791FDBC-D950-4EF1-B50F-6DC92BD9EC08}.Release|iPhone.Build.0 = Release|Any CPU
		{7791FDBC-D950-4EF1-B50F-6DC92BD9EC08}.Release|iPhone.Deploy.0 = Release|Any CPU
		{7791FDBC-D950-4EF1-B50F-6DC92BD9EC08}.Release|iPhoneSimulator.ActiveCfg = Release|Any CPU
		{7791FDBC-D950-4EF1-B50F-6DC92BD9EC08}.Release|iPhoneSimulator.Build.0 = Release|Any CPU
		{7791FDBC-D950-4EF1-B50F-6DC92BD9EC08}.Release|iPhoneSimulator.Deploy.0 = Release|Any CPU
	EndGlobalSection
	GlobalSection(SolutionProperties) = preSolution
		HideSolutionNode = FALSE
	EndGlobalSection
	GlobalSection(ExtensibilityGlobals) = postSolution
		SolutionGuid = {5FAFEDEA-4900-4BF1-ABC0-CDD43A5EAF2F}
	EndGlobalSection
EndGlobal
